
Microsoft Visual Studio Solution File, Format Version 12.00
# Visual Studio 15
VisualStudioVersion = 15.0.27703.2018
MinimumVisualStudioVersion = 10.0.40219.1
Project("{FAE04EC0-301F-11D3-BF4B-00C04F79EFBC}") = "ProjectName", "ProjectName\ProjectName.csproj", "{219DA37F-48F8-4010-9CE0-0E6A9B9CC19D}"
EndProject
Project("{FAE04EC0-301F-11D3-BF4B-00C04F79EFBC}") = "ProjectName_A", "ProjectName_A\ProjectName_A.csproj", "{BB937224-F975-4145-8155-A89423ADC2C9}"
EndProject
Global
	GlobalSection(SolutionConfigurationPlatforms) = preSolution
		Debug|Any CPU = Debug|Any CPU
		Release|Any CPU = Release|Any CPU
	EndGlobalSection
	GlobalSection(ProjectConfigurationPlatforms) = postSolution
		{219DA37F-48F8-4010-9CE0-0E6A9B9CC19D}.Debug|Any CPU.ActiveCfg = Debug|Any CPU
		{219DA37F-48F8-4010-9CE0-0E6A9B9CC19D}.Debug|Any CPU.Build.0 = Debug|Any CPU
		{219DA37F-48F8-4010-9CE0-0E6A9B9CC19D}.Release|Any CPU.ActiveCfg = Release|Any CPU
		{219DA37F-48F8-4010-9CE0-0E6A9B9CC19D}.Release|Any CPU.Build.0 = Release|Any CPU
		{BB937224-F975-4145-8155-A89423ADC2C9}.Debug|Any CPU.ActiveCfg = Debug|Any CPU
		{BB937224-F975-4145-8155-A89423ADC2C9}.Debug|Any CPU.Build.0 = Debug|Any CPU
		{BB937224-F975-4145-8155-A89423ADC2C9}.Release|Any CPU.ActiveCfg = Release|Any CPU
		{BB937224-F975-4145-8155-A89423ADC2C9}.Release|Any CPU.Build.0 = Release|Any CPU
	EndGlobalSection
	GlobalSection(SolutionProperties) = preSolution
		HideSolutionNode = FALSE
	EndGlobalSection
	GlobalSection(ExtensibilityGlobals) = postSolution
		SolutionGuid = {56A31732-3BF1-4C57-B127-E10FF777B81B}
	EndGlobalSection
EndGlobal
